
Microsoft Visual Studio Solution File, Format Version 12.00
# Visual Studio 15
VisualStudioVersion = 15.0.28010.2048
MinimumVisualStudioVersion = 10.0.40219.1
Project("{FAE04EC0-301F-11D3-BF4B-00C04F79EFBC}") = "university-online-assessment", "university-online-assessment\university-online-assessment.csproj", "{D2BB70AA-A367-4D47-9C0A-57143E71880C}"
EndProject
Global
	GlobalSection(SolutionConfigurationPlatforms) = preSolution
		Debug|Any CPU = Debug|Any CPU
		Release|Any CPU = Release|Any CPU
	EndGlobalSection
	GlobalSection(ProjectConfigurationPlatforms) = postSolution
		{D2BB70AA-A367-4D47-9C0A-57143E71880C}.Debug|Any CPU.ActiveCfg = Debug|Any CPU
		{D2BB70AA-A367-4D47-9C0A-57143E71880C}.Debug|Any CPU.Build.0 = Debug|Any CPU
		{D2BB70AA-A367-4D47-9C0A-57143E71880C}.Release|Any CPU.ActiveCfg = Release|Any CPU
		{D2BB70AA-A367-4D47-9C0A-57143E71880C}.Release|Any CPU.Build.0 = Release|Any CPU
	EndGlobalSection
	GlobalSection(SolutionProperties) = preSolution
		HideSolutionNode = FALSE
	EndGlobalSection
	GlobalSection(ExtensibilityGlobals) = postSolution
		SolutionGuid = {37C13086-3EFB-49A4-90DE-851A3B708D4D}
	EndGlobalSection
EndGlobal
